<?xml version="1.0" encoding="UTF-8" standalone="yes" ?>
<CodeBlocks_project_file>
	<FileVersion major="1" minor="6" />
	<Project>
		<Option title="codecperf" />
		<Option pch_mode="2" />
		<Option compiler="gcc" />
		<Build>
			<Target title="Debug">
				<Option output="bin/Debug/codecperf" prefix_auto="1" extension_auto="1" />
				<Option object_output="obj/Debug/" />
				<Option type="1" />
				<Option compiler="gcc" />
				<Compiler>
					<Add option="-g" />
				</Compiler>
			</Target>
			<Target title="Release">
				<Option output="bin/Release/codecperf" prefix_auto="1" extension_auto="1" />
				<Option object_output="obj/Release/" />
				<Option type="1" />
				<Option compiler="gcc" />
				<Compiler>
					<Add option="-fomit-frame-pointer" />
					<Add option="-O3" />
					<Add option="-march=native -mtune=native" />
				</Compiler>
				<Linker>
					<Add option="-s" />
				</Linker>
			</Target>
		</Build>
		<Compiler>
			<Add option="-Wall" />
			<Add option="-fexceptions" />
			<Add directory="../../src/ldpc" />
		</Compiler>
		<Unit filename="../../src/ldpc/ldpc_decoder.cpp" />
		<Unit filename="../../src/ldpc/ldpc_decoder.h" />
		<Unit filename="../../src/ldpc/ldpc_encoder.cpp" />
		<Unit filename="../../src/ldpc/ldpc_encoder.h" />
		<Unit filename="../../src/ldpc/ldpc_matrix.cpp" />
		<Unit filename="../../src/ldpc/ldpc_matrix.h" />
		<Unit filename="../../src/perf/codecperf.cpp" />
		<Extensions>
			<code_completion />
			<envvars />
			<debugger />
			<lib_finder disable_auto="1" />
		</Extensions>
	</Project>
</CodeBlocks_project_file>
